{
    "_readme": [
        "This file locks the dependencies of your project to a known state",
        "Read more about it at https://getcomposer.org/doc/01-basic-usage.md#installing-dependencies",
        "This file is @generated automatically"
    ],
    "content-hash": "15737e4c3f54b6b68779b63e39c20cf0",
    "packages": [
        {
            "name": "hoochicken/datagrid",
            "version": "v1.0.2",
            "source": {
                "type": "git",
                "url": "https://github.com/hoochicken/datagrid.git",
                "reference": "4244e2e3b9553891f5299b8805397cc00294007f"
            },
            "dist": {
                "type": "zip",
                "url": "https://api.github.com/repos/hoochicken/datagrid/zipball/4244e2e3b9553891f5299b8805397cc00294007f",
                "reference": "4244e2e3b9553891f5299b8805397cc00294007f",
                "shasum": ""
            },
            "require": {
                "php": ">=8.0"
            },
            "type": "library",
            "autoload": {
                "psr-4": {
                    "Hoochicken\\Datagrid\\": "src"
                }
            },
            "notification-url": "https://packagist.org/downloads/",
            "license": [
                "MIT"
            ],
            "authors": [
                {
                    "name": "Mareike Riegel",
                    "email": "info@ql.de"
                }
            ],
            "description": "datagrid",
            "support": {
                "issues": "https://github.com/hoochicken/datagrid/issues",
                "source": "https://github.com/hoochicken/datagrid/tree/v1.0.2"
            },
            "time": "2023-06-04T09:11:20+00:00"
        }
    ],
    "packages-dev": [],
    "aliases": [],
    "minimum-stability": "stable",
    "stability-flags": [],
    "prefer-stable": false,
    "prefer-lowest": false,
    "platform": [],
    "platform-dev": [],
    "plugin-api-version": "2.2.0"
}
